
Microsoft Visual Studio Solution File, Format Version 12.00
# Visual Studio Version 16
VisualStudioVersion = 16.0.29102.190
MinimumVisualStudioVersion = 10.0.40219.1
Project("{FAE04EC0-301F-11D3-BF4B-00C04F79EFBC}") = "AppDebitiV2", "Applicazione_debiti_v2\AppDebitiV2.csproj", "{ADEDEFF8-B179-4AFC-A881-01B39D791EE4}"
EndProject
Project("{FAE04EC0-301F-11D3-BF4B-00C04F79EFBC}") = "DebitiNBE API", "DebitiNBE API\DebitiNBE API.csproj", "{730697F4-6758-4FE1-87E9-07AFE85718CA}"
EndProject
Global
	GlobalSection(SolutionConfigurationPlatforms) = preSolution
		Debug|Any CPU = Debug|Any CPU
		Release|Any CPU = Release|Any CPU
	EndGlobalSection
	GlobalSection(ProjectConfigurationPlatforms) = postSolution
		{ADEDEFF8-B179-4AFC-A881-01B39D791EE4}.Debug|Any CPU.ActiveCfg = Debug|Any CPU
		{ADEDEFF8-B179-4AFC-A881-01B39D791EE4}.Debug|Any CPU.Build.0 = Debug|Any CPU
		{ADEDEFF8-B179-4AFC-A881-01B39D791EE4}.Release|Any CPU.ActiveCfg = Release|Any CPU
		{ADEDEFF8-B179-4AFC-A881-01B39D791EE4}.Release|Any CPU.Build.0 = Release|Any CPU
		{730697F4-6758-4FE1-87E9-07AFE85718CA}.Debug|Any CPU.ActiveCfg = Debug|Any CPU
		{730697F4-6758-4FE1-87E9-07AFE85718CA}.Debug|Any CPU.Build.0 = Debug|Any CPU
		{730697F4-6758-4FE1-87E9-07AFE85718CA}.Release|Any CPU.ActiveCfg = Release|Any CPU
		{730697F4-6758-4FE1-87E9-07AFE85718CA}.Release|Any CPU.Build.0 = Release|Any CPU
	EndGlobalSection
	GlobalSection(SolutionProperties) = preSolution
		HideSolutionNode = FALSE
	EndGlobalSection
	GlobalSection(ExtensibilityGlobals) = postSolution
		SolutionGuid = {1E80E859-31CA-498E-856F-83E4BE946C1F}
	EndGlobalSection
EndGlobal
